<?xml version="1.0" encoding="utf-8"?>
<Project ToolsVersion="4.0" xmlns="http://schemas.microsoft.com/developer/msbuild/2003">
  <ItemGroup>
    <Filter Include="dllLoader">
      <UniqueIdentifier>{B8B66751-2421-1CC8-6D5F-CD6DD908FA1C}</UniqueIdentifier>
    </Filter>
    <Filter Include="objLoader">
      <UniqueIdentifier>{77C7397E-E331-EEF4-2C70-9F9A9819CC49}</UniqueIdentifier>
    </Filter>
    <Filter Include="stb_image">
      <UniqueIdentifier>{3096E6B0-9C00-9B27-E53E-4CCD51E8787C}</UniqueIdentifier>
    </Filter>
  </ItemGroup>
  <ItemGroup>
    <ClInclude Include="dllLoader\DynamicLibrary.hpp">
      <Filter>dllLoader</Filter>
    </ClInclude>
    <ClInclude Include="objLoader\objloader.hpp">
      <Filter>objLoader</Filter>
    </ClInclude>
    <ClInclude Include="objLoader\vboindexer.hpp">
      <Filter>objLoader</Filter>
    </ClInclude>
    <ClInclude Include="stb_image\stb_image.h">
      <Filter>stb_image</Filter>
    </ClInclude>
  </ItemGroup>
  <ItemGroup>
    <ClCompile Include="dllLoader\DynamicLibrary.cpp">
      <Filter>dllLoader</Filter>
    </ClCompile>
    <ClCompile Include="objLoader\objloader.cpp">
      <Filter>objLoader</Filter>
    </ClCompile>
    <ClCompile Include="objLoader\vboindexer.cpp">
      <Filter>objLoader</Filter>
    </ClCompile>
    <ClCompile Include="stb_image\stb_image.cpp">
      <Filter>stb_image</Filter>
    </ClCompile>
  </ItemGroup>
</Project>