<?xml version="1.0" encoding="utf-8"?>
<Project ToolsVersion="4.0" xmlns="http://schemas.microsoft.com/developer/msbuild/2003">
  <ItemGroup>
    <ClCompile Include="Application.cpp" />
    <ClCompile Include="Engine.cpp">
      <Filter>scr</Filter>
    </ClCompile>
    <ClCompile Include="AssetManager.cpp">
      <Filter>scr</Filter>
    </ClCompile>
    <ClCompile Include="Drawable.cpp">
      <Filter>scr</Filter>
    </ClCompile>
    <ClCompile Include="Patterns.cpp">
      <Filter>scr</Filter>
    </ClCompile>
    <ClCompile Include="GLUtils.cpp">
      <Filter>scr</Filter>
    </ClCompile>
    <ClCompile Include="FunctionLibrary.cpp">
      <Filter>scr</Filter>
    </ClCompile>
    <ClCompile Include="Texture.cpp">
      <Filter>scr</Filter>
    </ClCompile>
    <ClCompile Include="Shaders.cpp">
      <Filter>scr</Filter>
    </ClCompile>
    <ClCompile Include="Math.cpp">
      <Filter>scr</Filter>
    </ClCompile>
    <ClCompile Include="RenderSystem.cpp">
      <Filter>scr</Filter>
    </ClCompile>
    <ClCompile Include="Object.cpp">
      <Filter>scr</Filter>
    </ClCompile>
    <ClCompile Include="Mesh.cpp">
      <Filter>scr</Filter>
    </ClCompile>
    <ClCompile Include="InputSystem.cpp">
      <Filter>scr</Filter>
    </ClCompile>
    <ClCompile Include="EditorOverlay.cpp">
      <Filter>scr</Filter>
    </ClCompile>
    <ClCompile Include="Var.cpp">
      <Filter>scr</Filter>
    </ClCompile>
  </ItemGroup>
  <ItemGroup>
    <Filter Include="scr">
      <UniqueIdentifier>{a376b295-a0d0-4afe-8dfe-d3bab72c0fff}</UniqueIdentifier>
    </Filter>
  </ItemGroup>
  <ItemGroup>
    <ClInclude Include="Shaders.hpp">
      <Filter>scr</Filter>
    </ClInclude>
    <ClInclude Include="Engine.hpp">
      <Filter>scr</Filter>
    </ClInclude>
    <ClInclude Include="AssetManager.hpp">
      <Filter>scr</Filter>
    </ClInclude>
    <ClInclude Include="EngineSystem.hpp">
      <Filter>scr</Filter>
    </ClInclude>
    <ClInclude Include="Drawable.hpp">
      <Filter>scr</Filter>
    </ClInclude>
    <ClInclude Include="FunctionLibrary.hpp">
      <Filter>scr</Filter>
    </ClInclude>
    <ClInclude Include="GLUtils.hpp">
      <Filter>scr</Filter>
    </ClInclude>
    <ClInclude Include="Patterns.hpp">
      <Filter>scr</Filter>
    </ClInclude>
    <ClInclude Include="Definitions.hpp">
      <Filter>scr</Filter>
    </ClInclude>
    <ClInclude Include="Texture.hpp">
      <Filter>scr</Filter>
    </ClInclude>
    <ClInclude Include="Math.hpp">
      <Filter>scr</Filter>
    </ClInclude>
    <ClInclude Include="Object.hpp">
      <Filter>scr</Filter>
    </ClInclude>
    <ClInclude Include="RenderSystem.hpp">
      <Filter>scr</Filter>
    </ClInclude>
    <ClInclude Include="Event.hpp">
      <Filter>scr</Filter>
    </ClInclude>
    <ClInclude Include="Mesh.hpp">
      <Filter>scr</Filter>
    </ClInclude>
    <ClInclude Include="InputSystem.hpp">
      <Filter>scr</Filter>
    </ClInclude>
    <ClInclude Include="EditorOverlay.hpp">
      <Filter>scr</Filter>
    </ClInclude>
    <ClInclude Include="Var.hpp">
      <Filter>scr</Filter>
    </ClInclude>
  </ItemGroup>
</Project>