<?xml version="1.0" encoding="utf-8"?>
<Project ToolsVersion="4.0" xmlns="http://schemas.microsoft.com/developer/msbuild/2003">
  <ItemGroup>
    <ClCompile Include="src\Script.cpp">
      <Filter>src\Scripts</Filter>
    </ClCompile>
    <ClCompile Include="src\Lang.cpp">
      <Filter>src\Scripts</Filter>
    </ClCompile>
    <ClCompile Include="src\Application.cpp" />
    <ClCompile Include="src\Actor.cpp">
      <Filter>src\Gameplay</Filter>
    </ClCompile>
    <ClCompile Include="src\Shader.cpp">
      <Filter>src\OpenGL</Filter>
    </ClCompile>
    <ClCompile Include="src\GFunctionLibrary.cpp">
      <Filter>src\OpenGL</Filter>
    </ClCompile>
    <ClCompile Include="src\AssetManager.cpp">
      <Filter>src\Modules</Filter>
    </ClCompile>
    <ClCompile Include="src\Drawables.cpp">
      <Filter>src\Gameplay\drawStuff</Filter>
    </ClCompile>
    <ClCompile Include="src\Gumball.cpp">
      <Filter>src\EngineCore</Filter>
    </ClCompile>
    <ClCompile Include="src\Window.cpp">
      <Filter>src\EngineCore</Filter>
    </ClCompile>
    <ClCompile Include="src\Math.cpp">
      <Filter>src\Gameplay</Filter>
    </ClCompile>
    <ClCompile Include="src\ObjectManager.cpp">
      <Filter>src\Modules</Filter>
    </ClCompile>
    <ClCompile Include="src\RenderManager.cpp">
      <Filter>src\Modules</Filter>
    </ClCompile>
    <ClCompile Include="src\InputManager.cpp">
      <Filter>src\Modules</Filter>
    </ClCompile>
  </ItemGroup>
  <ItemGroup>
    <None Include="res\shaders\unlit.shader">
      <Filter>res\shaders</Filter>
    </None>
    <None Include="res\shaders\texture.shader">
      <Filter>res\shaders</Filter>
    </None>
    <None Include="res\shaders\default.shader">
      <Filter>res\shaders</Filter>
    </None>
    <None Include="..\.gitignore" />
  </ItemGroup>
  <ItemGroup>
    <Filter Include="src">
      <UniqueIdentifier>{bb91753b-df13-4159-808b-0f89c0809e68}</UniqueIdentifier>
    </Filter>
    <Filter Include="res">
      <UniqueIdentifier>{e6e48f37-a2b0-4938-80d4-714251a48154}</UniqueIdentifier>
    </Filter>
    <Filter Include="res\shaders">
      <UniqueIdentifier>{a6dbc456-f27a-46b4-b952-37d50f378c81}</UniqueIdentifier>
    </Filter>
    <Filter Include="src\Gameplay">
      <UniqueIdentifier>{698e67af-860a-4cdf-91bc-feb84056cadb}</UniqueIdentifier>
    </Filter>
    <Filter Include="src\OpenGL">
      <UniqueIdentifier>{c69b89c5-20a3-4cb2-a916-d49f8fda89bd}</UniqueIdentifier>
    </Filter>
    <Filter Include="src\Gameplay\drawStuff">
      <UniqueIdentifier>{8d87c687-ab06-4fe2-819f-aa6899aa4253}</UniqueIdentifier>
    </Filter>
    <Filter Include="src\Scripts">
      <UniqueIdentifier>{f71ca8c8-f0c7-4a38-84e5-03e227910a77}</UniqueIdentifier>
    </Filter>
    <Filter Include="src\EngineCore">
      <UniqueIdentifier>{ace9bb92-3863-4e9e-8c30-120d7b46baee}</UniqueIdentifier>
    </Filter>
    <Filter Include="src\Modules">
      <UniqueIdentifier>{3630c2bf-acf6-4a87-ad9c-c805a3969e13}</UniqueIdentifier>
    </Filter>
  </ItemGroup>
  <ItemGroup>
    <ClInclude Include="src\Script.hpp">
      <Filter>src\Scripts</Filter>
    </ClInclude>
    <ClInclude Include="src\Lang.hpp">
      <Filter>src\Scripts</Filter>
    </ClInclude>
    <ClInclude Include="src\Actor.hpp">
      <Filter>src\Gameplay</Filter>
    </ClInclude>
    <ClInclude Include="src\GLBuffers.hpp">
      <Filter>src\OpenGL</Filter>
    </ClInclude>
    <ClInclude Include="src\Shader.hpp">
      <Filter>src\OpenGL</Filter>
    </ClInclude>
    <ClInclude Include="src\Transform.hpp">
      <Filter>src\Gameplay</Filter>
    </ClInclude>
    <ClInclude Include="src\Camera.hpp">
      <Filter>src\Gameplay</Filter>
    </ClInclude>
    <ClInclude Include="src\GFunctionLibrary.hpp">
      <Filter>src\OpenGL</Filter>
    </ClInclude>
    <ClInclude Include="src\Patterns.hpp">
      <Filter>src\Modules</Filter>
    </ClInclude>
    <ClInclude Include="src\AssetManager.hpp">
      <Filter>src\Modules</Filter>
    </ClInclude>
    <ClInclude Include="src\Texture.hpp">
      <Filter>src\Gameplay\drawStuff</Filter>
    </ClInclude>
    <ClInclude Include="src\Mesh.hpp">
      <Filter>src\Gameplay\drawStuff</Filter>
    </ClInclude>
    <ClInclude Include="src\Drawables.hpp">
      <Filter>src\Gameplay\drawStuff</Filter>
    </ClInclude>
    <ClInclude Include="src\Gumball.hpp">
      <Filter>src\EngineCore</Filter>
    </ClInclude>
    <ClInclude Include="src\Window.hpp">
      <Filter>src\EngineCore</Filter>
    </ClInclude>
    <ClInclude Include="src\Math.hpp">
      <Filter>src\Gameplay</Filter>
    </ClInclude>
    <ClInclude Include="src\ObjectManager.hpp">
      <Filter>src\Modules</Filter>
    </ClInclude>
    <ClInclude Include="src\RenderManager.hpp">
      <Filter>src\Modules</Filter>
    </ClInclude>
    <ClInclude Include="src\InputManager.hpp">
      <Filter>src\Modules</Filter>
    </ClInclude>
  </ItemGroup>
  <ItemGroup>
    <Text Include="readme.txt" />
  </ItemGroup>
</Project>