<?xml version="1.0" encoding="utf-8"?>
<Project ToolsVersion="4.0" xmlns="http://schemas.microsoft.com/developer/msbuild/2003">
  <ItemGroup>
    <ClCompile Include="Application.cpp" />
    <ClCompile Include="Engine.cpp">
      <Filter>scr</Filter>
    </ClCompile>
    <ClCompile Include="AssetManager.cpp">
      <Filter>scr</Filter>
    </ClCompile>
    <ClCompile Include="Drawable.cpp">
      <Filter>scr</Filter>
    </ClCompile>
  </ItemGroup>
  <ItemGroup>
    <Filter Include="scr">
      <UniqueIdentifier>{a376b295-a0d0-4afe-8dfe-d3bab72c0fff}</UniqueIdentifier>
    </Filter>
  </ItemGroup>
  <ItemGroup>
    <ClInclude Include="Shaders.hpp">
      <Filter>scr</Filter>
    </ClInclude>
    <ClInclude Include="Engine.hpp">
      <Filter>scr</Filter>
    </ClInclude>
    <ClInclude Include="Utils.hpp">
      <Filter>scr</Filter>
    </ClInclude>
    <ClInclude Include="AssetManager.hpp">
      <Filter>scr</Filter>
    </ClInclude>
    <ClInclude Include="EngineSystem.hpp">
      <Filter>scr</Filter>
    </ClInclude>
    <ClInclude Include="Drawable.hpp">
      <Filter>scr</Filter>
    </ClInclude>
  </ItemGroup>
</Project>