<?xml version="1.0" encoding="utf-8"?>
<Project ToolsVersion="4.0" xmlns="http://schemas.microsoft.com/developer/msbuild/2003">
  <ItemGroup>
    <Filter Include="gl3w">
      <UniqueIdentifier>{c93afbcc-db4e-43ec-b567-a6e39ab8bf6e}</UniqueIdentifier>
    </Filter>
    <Filter Include="imgui">
      <UniqueIdentifier>{ad687e0e-7568-4610-a42f-1fd3320f020c}</UniqueIdentifier>
    </Filter>
    <Filter Include="sources">
      <UniqueIdentifier>{3c72d08c-9820-41db-a22a-a61f3b90a825}</UniqueIdentifier>
    </Filter>
  </ItemGroup>
  <ItemGroup>
    <ClCompile Include="examples\libs\gl3w\GL\gl3w.c">
      <Filter>gl3w</Filter>
    </ClCompile>
    <ClCompile Include="imgui.cpp">
      <Filter>imgui</Filter>
    </ClCompile>
    <ClCompile Include="imgui_demo.cpp">
      <Filter>imgui</Filter>
    </ClCompile>
    <ClCompile Include="imgui_draw.cpp">
      <Filter>imgui</Filter>
    </ClCompile>
    <ClCompile Include="imgui_tables.cpp">
      <Filter>imgui</Filter>
    </ClCompile>
    <ClCompile Include="imgui_widgets.cpp">
      <Filter>imgui</Filter>
    </ClCompile>
    <ClCompile Include="backends\imgui_impl_glfw.cpp">
      <Filter>sources</Filter>
    </ClCompile>
    <ClCompile Include="backends\imgui_impl_opengl3.cpp">
      <Filter>sources</Filter>
    </ClCompile>
  </ItemGroup>
  <ItemGroup>
    <ClInclude Include="examples\libs\gl3w\GL\gl3w.h">
      <Filter>gl3w</Filter>
    </ClInclude>
    <ClInclude Include="examples\libs\gl3w\GL\glcorearb.h">
      <Filter>gl3w</Filter>
    </ClInclude>
    <ClInclude Include="imconfig.h">
      <Filter>imgui</Filter>
    </ClInclude>
    <ClInclude Include="imgui.h">
      <Filter>imgui</Filter>
    </ClInclude>
    <ClInclude Include="backends\imgui_impl_glfw.h">
      <Filter>sources</Filter>
    </ClInclude>
    <ClInclude Include="backends\imgui_impl_opengl3.h">
      <Filter>sources</Filter>
    </ClInclude>
  </ItemGroup>
</Project>