<?xml version="1.0" encoding="utf-8"?>
<Project ToolsVersion="4.0" xmlns="http://schemas.microsoft.com/developer/msbuild/2003">
  <ItemGroup>
    <Filter Include="lua">
      <UniqueIdentifier>{C78D880B-3397-887C-BC12-9F7C281B947C}</UniqueIdentifier>
    </Filter>
  </ItemGroup>
  <ItemGroup>
    <ClInclude Include="LuaLanguage.hpp" />
    <ClInclude Include="lua\lauxlib.h">
      <Filter>lua</Filter>
    </ClInclude>
    <ClInclude Include="lua\lua.h">
      <Filter>lua</Filter>
    </ClInclude>
    <ClInclude Include="lua\lua.hpp">
      <Filter>lua</Filter>
    </ClInclude>
    <ClInclude Include="lua\luaconf.h">
      <Filter>lua</Filter>
    </ClInclude>
    <ClInclude Include="lua\lualib.h">
      <Filter>lua</Filter>
    </ClInclude>
  </ItemGroup>
  <ItemGroup>
    <ClCompile Include="LuaLanguage.cpp" />
  </ItemGroup>
</Project>